
Microsoft Visual Studio Solution File, Format Version 12.00
# Visual Studio Version 16
VisualStudioVersion = 16.0.29409.12
MinimumVisualStudioVersion = 10.0.40219.1
Project("{FAE04EC0-301F-11D3-BF4B-00C04F79EFBC}") = "CSharp", "CSharp\CSharp.csproj", "{B74D94E0-5CE5-4818-864C-F7E10C46DB38}"
EndProject
Global
	GlobalSection(SolutionConfigurationPlatforms) = preSolution
		Debug|Any CPU = Debug|Any CPU
		Release|Any CPU = Release|Any CPU
	EndGlobalSection
	GlobalSection(ProjectConfigurationPlatforms) = postSolution
		{B74D94E0-5CE5-4818-864C-F7E10C46DB38}.Debug|Any CPU.ActiveCfg = Debug|Any CPU
		{B74D94E0-5CE5-4818-864C-F7E10C46DB38}.Debug|Any CPU.Build.0 = Debug|Any CPU
		{B74D94E0-5CE5-4818-864C-F7E10C46DB38}.Release|Any CPU.ActiveCfg = Release|Any CPU
		{B74D94E0-5CE5-4818-864C-F7E10C46DB38}.Release|Any CPU.Build.0 = Release|Any CPU
	EndGlobalSection
	GlobalSection(SolutionProperties) = preSolution
		HideSolutionNode = FALSE
	EndGlobalSection
	GlobalSection(ExtensibilityGlobals) = postSolution
		SolutionGuid = {23C84037-353E-4012-9E3C-63115F891EA5}
	EndGlobalSection
EndGlobal
